
Microsoft Visual Studio Solution File, Format Version 12.00
Project("{FAE04EC0-301F-11D3-BF4B-00C04F79EFBC}") = "Chucker.Blazor.BuildTasks.GitHashedIndexHtml", "Chucker.Blazor.BuildTasks.GitHashedIndexHtml\Chucker.Blazor.BuildTasks.GitHashedIndexHtml.csproj", "{7DA3E358-E08D-40BA-AE95-61FD04451C4C}"
EndProject
Project("{2150E333-8FDC-42A3-9474-1A3956D46DE8}") = "SolutionFolder", "SolutionFolder", "{57140C59-0109-4FA9-A14F-A813501B7DA9}"
	ProjectSection(SolutionItems) = preProject
		Directory.Build.props = Directory.Build.props
	EndProjectSection
EndProject
Global
	GlobalSection(SolutionConfigurationPlatforms) = preSolution
		Debug|Any CPU = Debug|Any CPU
		Release|Any CPU = Release|Any CPU
	EndGlobalSection
	GlobalSection(ProjectConfigurationPlatforms) = postSolution
		{7DA3E358-E08D-40BA-AE95-61FD04451C4C}.Debug|Any CPU.ActiveCfg = Debug|Any CPU
		{7DA3E358-E08D-40BA-AE95-61FD04451C4C}.Debug|Any CPU.Build.0 = Debug|Any CPU
		{7DA3E358-E08D-40BA-AE95-61FD04451C4C}.Release|Any CPU.ActiveCfg = Release|Any CPU
		{7DA3E358-E08D-40BA-AE95-61FD04451C4C}.Release|Any CPU.Build.0 = Release|Any CPU
	EndGlobalSection
EndGlobal
